
Microsoft Visual Studio Solution File, Format Version 12.00
# Visual Studio 15
VisualStudioVersion = 15.0.27130.2026
MinimumVisualStudioVersion = 10.0.40219.1
Project("{FAE04EC0-301F-11D3-BF4B-00C04F79EFBC}") = "STCM2LPacker", "STCM2LPacker\STCM2LPacker.csproj", "{288C9F98-CE77-4252-B895-94623E46F04E}"
EndProject
Global
	GlobalSection(SolutionConfigurationPlatforms) = preSolution
		Debug|Any CPU = Debug|Any CPU
	EndGlobalSection
	GlobalSection(ProjectConfigurationPlatforms) = postSolution
		{288C9F98-CE77-4252-B895-94623E46F04E}.Debug|Any CPU.ActiveCfg = Repack|Any CPU
		{288C9F98-CE77-4252-B895-94623E46F04E}.Debug|Any CPU.Build.0 = Repack|Any CPU
	EndGlobalSection
	GlobalSection(SolutionProperties) = preSolution
		HideSolutionNode = FALSE
	EndGlobalSection
	GlobalSection(ExtensibilityGlobals) = postSolution
		SolutionGuid = {5D4FDDC2-8696-4FC5-BD03-7C2216D7D2DE}
	EndGlobalSection
EndGlobal
